lockfileVersion: '9.0'

settings:
  autoInstallPeers: true
  excludeLinksFromLockfile: false

importers:

  .:
    dependencies:
      '@iconify-json/uiw':
        specifier: ^1.2.4
        version: 1.2.4
      icons:
        specifier: ^1.0.0
        version: 1.0.0

packages:

  '@iconify-json/uiw@1.2.4':
    resolution: {integrity: sha512-YLKqA1P6qavnYNfsp+CrhaEcus5tj+QrcWvwtcO/ID6k/p9e73jfUanxo5ZCMjoBqL1fG0W89BCpO/g+1D+8vw==}

  '@iconify/types@2.0.0':
    resolution: {integrity: sha512-+wluvCrRhXrhyOmRDJ3q8mux9JkKy5SJ/v8ol2tu4FVjyYvtEzkc/3pK15ET6RKg4b4w4BmTk1+gsCUhf21Ykg==}

  icons@1.0.0:
    resolution: {integrity: sha512-7POum3AHKovjEEXg4ITL2opTzGjnN2UnUIhv5LsUX+SjKBsFMjRyANShrCubt0KQdNdcX2wAym+JXOt6LceuYA==}
    deprecated: Package no longer supported. Contact support@npmjs.com for more info.

snapshots:

  '@iconify-json/uiw@1.2.4':
    dependencies:
      '@iconify/types': 2.0.0

  '@iconify/types@2.0.0': {}

  icons@1.0.0: {}
